
Microsoft Visual Studio Solution File, Format Version 12.00
# Visual Studio Version 17
VisualStudioVersion = 17.4.33110.190
MinimumVisualStudioVersion = 10.0.40219.1
Project("{FAE04EC0-301F-11D3-BF4B-00C04F79EFBC}") = "NameGenerator-cs-se-no", "NameGenerator-cs-se-no\NameGenerator-cs-se-no.csproj", "{D66D53AF-3FC2-46E6-BDE8-3995ED16820F}"
EndProject
Global
	GlobalSection(SolutionConfigurationPlatforms) = preSolution
		Debug|Any CPU = Debug|Any CPU
		Release|Any CPU = Release|Any CPU
	EndGlobalSection
	GlobalSection(ProjectConfigurationPlatforms) = postSolution
		{D66D53AF-3FC2-46E6-BDE8-3995ED16820F}.Debug|Any CPU.ActiveCfg = Debug|Any CPU
		{D66D53AF-3FC2-46E6-BDE8-3995ED16820F}.Debug|Any CPU.Build.0 = Debug|Any CPU
		{D66D53AF-3FC2-46E6-BDE8-3995ED16820F}.Release|Any CPU.ActiveCfg = Release|Any CPU
		{D66D53AF-3FC2-46E6-BDE8-3995ED16820F}.Release|Any CPU.Build.0 = Release|Any CPU
	EndGlobalSection
	GlobalSection(SolutionProperties) = preSolution
		HideSolutionNode = FALSE
	EndGlobalSection
	GlobalSection(ExtensibilityGlobals) = postSolution
		SolutionGuid = {4BE94072-3DC2-4F80-A96D-AAE8E9C432EC}
	EndGlobalSection
EndGlobal
